
Microsoft Visual Studio Solution File, Format Version 12.00
# Visual Studio Version 17
VisualStudioVersion = 17.6.33815.320
MinimumVisualStudioVersion = 10.0.40219.1
Project("{9A19103F-16F7-4668-BE54-9A1E7A4F7556}") = "Fibonacci", "Fibonacci\Fibonacci.csproj", "{E938DCFC-8E92-42B0-8B24-1EB6DB895F0D}"
EndProject
Project("{9A19103F-16F7-4668-BE54-9A1E7A4F7556}") = "Pascal", "Pascal\Pascal.csproj", "{43DE3A3E-B245-4E5D-AE8F-8860A099B42E}"
EndProject
Project("{9A19103F-16F7-4668-BE54-9A1E7A4F7556}") = "VillogoGomb", "VillogoGomb\VillogoGomb.csproj", "{E21CFBA3-68BD-4218-9E31-B14B5619A43F}"
EndProject
Project("{9A19103F-16F7-4668-BE54-9A1E7A4F7556}") = "Veletlen", "Veletlen\Veletlen.csproj", "{679EE64B-E9DD-40E3-AE8E-47190B8C8A88}"
EndProject
Project("{9A19103F-16F7-4668-BE54-9A1E7A4F7556}") = "HajosTeszt", "HajosTeszt\HajosTeszt.csproj", "{78B9EF44-2EB7-40D6-8E4B-71737D7C46C0}"
EndProject
Project("{FAE04EC0-301F-11D3-BF4B-00C04F79EFBC}") = "KígyósJáték", "KígyósJáték\KígyósJáték.csproj", "{4BF9246B-DCCF-40A6-8B1E-D500DC69E704}"
EndProject
Global
	GlobalSection(SolutionConfigurationPlatforms) = preSolution
		Debug|Any CPU = Debug|Any CPU
		Release|Any CPU = Release|Any CPU
	EndGlobalSection
	GlobalSection(ProjectConfigurationPlatforms) = postSolution
		{E938DCFC-8E92-42B0-8B24-1EB6DB895F0D}.Debug|Any CPU.ActiveCfg = Debug|Any CPU
		{E938DCFC-8E92-42B0-8B24-1EB6DB895F0D}.Debug|Any CPU.Build.0 = Debug|Any CPU
		{E938DCFC-8E92-42B0-8B24-1EB6DB895F0D}.Release|Any CPU.ActiveCfg = Release|Any CPU
		{E938DCFC-8E92-42B0-8B24-1EB6DB895F0D}.Release|Any CPU.Build.0 = Release|Any CPU
		{43DE3A3E-B245-4E5D-AE8F-8860A099B42E}.Debug|Any CPU.ActiveCfg = Debug|Any CPU
		{43DE3A3E-B245-4E5D-AE8F-8860A099B42E}.Debug|Any CPU.Build.0 = Debug|Any CPU
		{43DE3A3E-B245-4E5D-AE8F-8860A099B42E}.Release|Any CPU.ActiveCfg = Release|Any CPU
		{43DE3A3E-B245-4E5D-AE8F-8860A099B42E}.Release|Any CPU.Build.0 = Release|Any CPU
		{E21CFBA3-68BD-4218-9E31-B14B5619A43F}.Debug|Any CPU.ActiveCfg = Debug|Any CPU
		{E21CFBA3-68BD-4218-9E31-B14B5619A43F}.Debug|Any CPU.Build.0 = Debug|Any CPU
		{E21CFBA3-68BD-4218-9E31-B14B5619A43F}.Release|Any CPU.ActiveCfg = Release|Any CPU
		{E21CFBA3-68BD-4218-9E31-B14B5619A43F}.Release|Any CPU.Build.0 = Release|Any CPU
		{679EE64B-E9DD-40E3-AE8E-47190B8C8A88}.Debug|Any CPU.ActiveCfg = Debug|Any CPU
		{679EE64B-E9DD-40E3-AE8E-47190B8C8A88}.Debug|Any CPU.Build.0 = Debug|Any CPU
		{679EE64B-E9DD-40E3-AE8E-47190B8C8A88}.Release|Any CPU.ActiveCfg = Release|Any CPU
		{679EE64B-E9DD-40E3-AE8E-47190B8C8A88}.Release|Any CPU.Build.0 = Release|Any CPU
		{78B9EF44-2EB7-40D6-8E4B-71737D7C46C0}.Debug|Any CPU.ActiveCfg = Debug|Any CPU
		{78B9EF44-2EB7-40D6-8E4B-71737D7C46C0}.Debug|Any CPU.Build.0 = Debug|Any CPU
		{78B9EF44-2EB7-40D6-8E4B-71737D7C46C0}.Release|Any CPU.ActiveCfg = Release|Any CPU
		{78B9EF44-2EB7-40D6-8E4B-71737D7C46C0}.Release|Any CPU.Build.0 = Release|Any CPU
		{4BF9246B-DCCF-40A6-8B1E-D500DC69E704}.Debug|Any CPU.ActiveCfg = Debug|Any CPU
		{4BF9246B-DCCF-40A6-8B1E-D500DC69E704}.Debug|Any CPU.Build.0 = Debug|Any CPU
		{4BF9246B-DCCF-40A6-8B1E-D500DC69E704}.Release|Any CPU.ActiveCfg = Release|Any CPU
		{4BF9246B-DCCF-40A6-8B1E-D500DC69E704}.Release|Any CPU.Build.0 = Release|Any CPU
	EndGlobalSection
	GlobalSection(SolutionProperties) = preSolution
		HideSolutionNode = FALSE
	EndGlobalSection
	GlobalSection(ExtensibilityGlobals) = postSolution
		SolutionGuid = {43E4C688-6B5E-4B4E-888F-21D08151F273}
	EndGlobalSection
EndGlobal
