
Microsoft Visual Studio Solution File, Format Version 12.00
# Visual Studio Version 17
VisualStudioVersion = 17.6.33815.320
MinimumVisualStudioVersion = 10.0.40219.1
Project("{9A19103F-16F7-4668-BE54-9A1E7A4F7556}") = "Fibonacci", "Fibonacci\Fibonacci.csproj", "{E938DCFC-8E92-42B0-8B24-1EB6DB895F0D}"
EndProject
Project("{FAE04EC0-301F-11D3-BF4B-00C04F79EFBC}") = "Pascal", "Pascal\Pascal.csproj", "{43DE3A3E-B245-4E5D-AE8F-8860A099B42E}"
EndProject
Global
	GlobalSection(SolutionConfigurationPlatforms) = preSolution
		Debug|Any CPU = Debug|Any CPU
		Release|Any CPU = Release|Any CPU
	EndGlobalSection
	GlobalSection(ProjectConfigurationPlatforms) = postSolution
		{E938DCFC-8E92-42B0-8B24-1EB6DB895F0D}.Debug|Any CPU.ActiveCfg = Debug|Any CPU
		{E938DCFC-8E92-42B0-8B24-1EB6DB895F0D}.Debug|Any CPU.Build.0 = Debug|Any CPU
		{E938DCFC-8E92-42B0-8B24-1EB6DB895F0D}.Release|Any CPU.ActiveCfg = Release|Any CPU
		{E938DCFC-8E92-42B0-8B24-1EB6DB895F0D}.Release|Any CPU.Build.0 = Release|Any CPU
		{43DE3A3E-B245-4E5D-AE8F-8860A099B42E}.Debug|Any CPU.ActiveCfg = Debug|Any CPU
		{43DE3A3E-B245-4E5D-AE8F-8860A099B42E}.Debug|Any CPU.Build.0 = Debug|Any CPU
		{43DE3A3E-B245-4E5D-AE8F-8860A099B42E}.Release|Any CPU.ActiveCfg = Release|Any CPU
		{43DE3A3E-B245-4E5D-AE8F-8860A099B42E}.Release|Any CPU.Build.0 = Release|Any CPU
	EndGlobalSection
	GlobalSection(SolutionProperties) = preSolution
		HideSolutionNode = FALSE
	EndGlobalSection
	GlobalSection(ExtensibilityGlobals) = postSolution
		SolutionGuid = {43E4C688-6B5E-4B4E-888F-21D08151F273}
	EndGlobalSection
EndGlobal
